// !$*UTF8*$!
{
	archiveVersion = 1;
	classes = {
	};
	objectVersion = 56;
	objects = {

/* Begin PBXBuildFile section */
		03E29F8A2B24E3FA00753FAA /* EditNotesView.swift in Sources */ = {isa = PBXBuildFile; fileRef = 03E29F892B24E3FA00753FAA /* EditNotesView.swift */; };
		03E29F8C2B24EAEC00753FAA /* WorkoutView.swift in Sources */ = {isa = PBXBuildFile; fileRef = 03E29F8B2B24EAEC00753FAA /* WorkoutView.swift */; };
		03E29F8E2B24EF5500753FAA /* example.swift in Sources */ = {isa = PBXBuildFile; fileRef = 03E29F8D2B24EF5500753FAA /* example.swift */; };
		03EC73BE2B14B2CA001E94EB /* Nogi_LoggerApp.swift in Sources */ = {isa = PBXBuildFile; fileRef = 03EC73BD2B14B2CA001E94EB /* Nogi_LoggerApp.swift */; };
		03EC73C02B14B2CA001E94EB /* ContentView.swift in Sources */ = {isa = PBXBuildFile; fileRef = 03EC73BF2B14B2CA001E94EB /* ContentView.swift */; };
		03EC73C22B14B2CB001E94EB /* Assets.xcassets in Resources */ = {isa = PBXBuildFile; fileRef = 03EC73C12B14B2CB001E94EB /* Assets.xcassets */; };
		03EC73C62B14B2CB001E94EB /* Preview Assets.xcassets in Resources */ = {isa = PBXBuildFile; fileRef = 03EC73C52B14B2CB001E94EB /* Preview Assets.xcassets */; };
		03EC73D02B14B84B001E94EB /* WorkoutStore.swift in Sources */ = {isa = PBXBuildFile; fileRef = 03EC73CF2B14B84B001E94EB /* WorkoutStore.swift */; };
		03EC73D32B14C421001E94EB /* Workout.swift in Sources */ = {isa = PBXBuildFile; fileRef = 03EC73D22B14C421001E94EB /* Workout.swift */; };
		03EC73D52B14C4E4001E94EB /* AddTrainingView.swift in Sources */ = {isa = PBXBuildFile; fileRef = 03EC73D42B14C4E4001E94EB /* AddTrainingView.swift */; };
/* End PBXBuildFile section */

/* Begin PBXFileReference section */
		03E29F892B24E3FA00753FAA /* EditNotesView.swift */ = {isa = PBXFileReference; lastKnownFileType = sourcecode.swift; path = EditNotesView.swift; sourceTree = "<group>"; };
		03E29F8B2B24EAEC00753FAA /* WorkoutView.swift */ = {isa = PBXFileReference; lastKnownFileType = sourcecode.swift; path = WorkoutView.swift; sourceTree = "<group>"; };
		03E29F8D2B24EF5500753FAA /* example.swift */ = {isa = PBXFileReference; lastKnownFileType = sourcecode.swift; path = example.swift; sourceTree = "<group>"; };
		03EC73BA2B14B2CA001E94EB /* Nogi Logger.app */ = {isa = PBXFileReference; explicitFileType = wrapper.application; includeInIndex = 0; path = "Nogi Logger.app"; sourceTree = BUILT_PRODUCTS_DIR; };
		03EC73BD2B14B2CA001E94EB /* Nogi_LoggerApp.swift */ = {isa = PBXFileReference; lastKnownFileType = sourcecode.swift; path = Nogi_LoggerApp.swift; sourceTree = "<group>"; };
		03EC73BF2B14B2CA001E94EB /* ContentView.swift */ = {isa = PBXFileReference; lastKnownFileType = sourcecode.swift; path = ContentView.swift; sourceTree = "<group>"; };
		03EC73C12B14B2CB001E94EB /* Assets.xcassets */ = {isa = PBXFileReference; lastKnownFileType = folder.assetcatalog; path = Assets.xcassets; sourceTree = "<group>"; };
		03EC73C32B14B2CB001E94EB /* Nogi_Logger.entitlements */ = {isa = PBXFileReference; lastKnownFileType = text.plist.entitlements; path = Nogi_Logger.entitlements; sourceTree = "<group>"; };
		03EC73C52B14B2CB001E94EB /* Preview Assets.xcassets */ = {isa = PBXFileReference; lastKnownFileType = folder.assetcatalog; path = "Preview Assets.xcassets"; sourceTree = "<group>"; };
		03EC73CF2B14B84B001E94EB /* WorkoutStore.swift */ = {isa = PBXFileReference; lastKnownFileType = sourcecode.swift; path = WorkoutStore.swift; sourceTree = "<group>"; };
		03EC73D22B14C421001E94EB /* Workout.swift */ = {isa = PBXFileReference; lastKnownFileType = sourcecode.swift; path = Workout.swift; sourceTree = "<group>"; };
		03EC73D42B14C4E4001E94EB /* AddTrainingView.swift */ = {isa = PBXFileReference; lastKnownFileType = sourcecode.swift; path = AddTrainingView.swift; sourceTree = "<group>"; };
/* End PBXFileReference section */

/* Begin PBXFrameworksBuildPhase section */
		03EC73B72B14B2CA001E94EB /* Frameworks */ = {
			isa = PBXFrameworksBuildPhase;
			buildActionMask = 2147483647;
			files = (
			);
			runOnlyForDeploymentPostprocessing = 0;
		};
/* End PBXFrameworksBuildPhase section */

/* Begin PBXGroup section */
		03EC73B12B14B2CA001E94EB = {
			isa = PBXGroup;
			children = (
				03EC73BC2B14B2CA001E94EB /* Nogi Logger */,
				03EC73BB2B14B2CA001E94EB /* Products */,
			);
			sourceTree = "<group>";
		};
		03EC73BB2B14B2CA001E94EB /* Products */ = {
			isa = PBXGroup;
			children = (
				03EC73BA2B14B2CA001E94EB /* Nogi Logger.app */,
			);
			name = Products;
			sourceTree = "<group>";
		};
		03EC73BC2B14B2CA001E94EB /* Nogi Logger */ = {
			isa = PBXGroup;
			children = (
				03EC73BD2B14B2CA001E94EB /* Nogi_LoggerApp.swift */,
				03EC73BF2B14B2CA001E94EB /* ContentView.swift */,
				03E29F8B2B24EAEC00753FAA /* WorkoutView.swift */,
				03E29F8D2B24EF5500753FAA /* example.swift */,
				03EC73D42B14C4E4001E94EB /* AddTrainingView.swift */,
				03E29F892B24E3FA00753FAA /* EditNotesView.swift */,
				03EC73D12B14B859001E94EB /* Store */,
				03EC73CE2B14B5D2001E94EB /* Model */,
				03EC73C12B14B2CB001E94EB /* Assets.xcassets */,
				03EC73C32B14B2CB001E94EB /* Nogi_Logger.entitlements */,
				03EC73C42B14B2CB001E94EB /* Preview Content */,
			);
			path = "Nogi Logger";
			sourceTree = "<group>";
		};
		03EC73C42B14B2CB001E94EB /* Preview Content */ = {
			isa = PBXGroup;
			children = (
				03EC73C52B14B2CB001E94EB /* Preview Assets.xcassets */,
			);
			path = "Preview Content";
			sourceTree = "<group>";
		};
		03EC73CE2B14B5D2001E94EB /* Model */ = {
			isa = PBXGroup;
			children = (
				03EC73D22B14C421001E94EB /* Workout.swift */,
			);
			path = Model;
			sourceTree = "<group>";
		};
		03EC73D12B14B859001E94EB /* Store */ = {
			isa = PBXGroup;
			children = (
				03EC73CF2B14B84B001E94EB /* WorkoutStore.swift */,
			);
			path = Store;
			sourceTree = "<group>";
		};
/* End PBXGroup section */

/* Begin PBXNativeTarget section */
		03EC73B92B14B2CA001E94EB /* Nogi Logger */ = {
			isa = PBXNativeTarget;
			buildConfigurationList = 03EC73C92B14B2CB001E94EB /* Build configuration list for PBXNativeTarget "Nogi Logger" */;
			buildPhases = (
				03EC73B62B14B2CA001E94EB /* Sources */,
				03EC73B72B14B2CA001E94EB /* Frameworks */,
				03EC73B82B14B2CA001E94EB /* Resources */,
			);
			buildRules = (
			);
			dependencies = (
			);
			name = "Nogi Logger";
			productName = "Nogi Logger";
			productReference = 03EC73BA2B14B2CA001E94EB /* Nogi Logger.app */;
			productType = "com.apple.product-type.application";
		};
/* End PBXNativeTarget section */

/* Begin PBXProject section */
		03EC73B22B14B2CA001E94EB /* Project object */ = {
			isa = PBXProject;
			attributes = {
				BuildIndependentTargetsInParallel = 1;
				LastSwiftUpdateCheck = 1500;
				LastUpgradeCheck = 1500;
				TargetAttributes = {
					03EC73B92B14B2CA001E94EB = {
						CreatedOnToolsVersion = 15.0;
					};
				};
			};
			buildConfigurationList = 03EC73B52B14B2CA001E94EB /* Build configuration list for PBXProject "Nogi Logger" */;
			compatibilityVersion = "Xcode 14.0";
			developmentRegion = en;
			hasScannedForEncodings = 0;
			knownRegions = (
				en,
				Base,
			);
			mainGroup = 03EC73B12B14B2CA001E94EB;
			productRefGroup = 03EC73BB2B14B2CA001E94EB /* Products */;
			projectDirPath = "";
			projectRoot = "";
			targets = (
				03EC73B92B14B2CA001E94EB /* Nogi Logger */,
			);
		};
/* End PBXProject section */

/* Begin PBXResourcesBuildPhase section */
		03EC73B82B14B2CA001E94EB /* Resources */ = {
			isa = PBXResourcesBuildPhase;
			buildActionMask = 2147483647;
			files = (
				03EC73C62B14B2CB001E94EB /* Preview Assets.xcassets in Resources */,
				03EC73C22B14B2CB001E94EB /* Assets.xcassets in Resources */,
			);
			runOnlyForDeploymentPostprocessing = 0;
		};
/* End PBXResourcesBuildPhase section */

/* Begin PBXSourcesBuildPhase section */
		03EC73B62B14B2CA001E94EB /* Sources */ = {
			isa = PBXSourcesBuildPhase;
			buildActionMask = 2147483647;
			files = (
				03E29F8C2B24EAEC00753FAA /* WorkoutView.swift in Sources */,
				03EC73C02B14B2CA001E94EB /* ContentView.swift in Sources */,
				03EC73D02B14B84B001E94EB /* WorkoutStore.swift in Sources */,
				03E29F8A2B24E3FA00753FAA /* EditNotesView.swift in Sources */,
				03E29F8E2B24EF5500753FAA /* example.swift in Sources */,
				03EC73BE2B14B2CA001E94EB /* Nogi_LoggerApp.swift in Sources */,
				03EC73D32B14C421001E94EB /* Workout.swift in Sources */,
				03EC73D52B14C4E4001E94EB /* AddTrainingView.swift in Sources */,
			);
			runOnlyForDeploymentPostprocessing = 0;
		};
/* End PBXSourcesBuildPhase section */

/* Begin XCBuildConfiguration section */
		03EC73C72B14B2CB001E94EB /* Debug */ = {
			isa = XCBuildConfiguration;
			buildSettings = {
				ALWAYS_SEARCH_USER_PATHS = NO;
				ASSETCATALOG_COMPILER_GENERATE_SWIFT_ASSET_SYMBOL_EXTENSIONS = YES;
				CLANG_ANALYZER_NONNULL = YES;
				CLANG_ANALYZER_NUMBER_OBJECT_CONVERSION = YES_AGGRESSIVE;
				CLANG_CXX_LANGUAGE_STANDARD = "gnu++20";
				CLANG_ENABLE_MODULES = YES;
				CLANG_ENABLE_OBJC_ARC = YES;
				CLANG_ENABLE_OBJC_WEAK = YES;
				CLANG_WARN_BLOCK_CAPTURE_AUTORELEASING = YES;
				CLANG_WARN_BOOL_CONVERSION = YES;
				CLANG_WARN_COMMA = YES;
				CLANG_WARN_CONSTANT_CONVERSION = YES;
				CLANG_WARN_DEPRECATED_OBJC_IMPLEMENTATIONS = YES;
				CLANG_WARN_DIRECT_OBJC_ISA_USAGE = YES_ERROR;
				CLANG_WARN_DOCUMENTATION_COMMENTS = YES;
				CLANG_WARN_EMPTY_BODY = YES;
				CLANG_WARN_ENUM_CONVERSION = YES;
				CLANG_WARN_INFINITE_RECURSION = YES;
				CLANG_WARN_INT_CONVERSION = YES;
				CLANG_WARN_NON_LITERAL_NULL_CONVERSION = YES;
				CLANG_WARN_OBJC_IMPLICIT_RETAIN_SELF = YES;
				CLANG_WARN_OBJC_LITERAL_CONVERSION = YES;
				CLANG_WARN_OBJC_ROOT_CLASS = YES_ERROR;
				CLANG_WARN_QUOTED_INCLUDE_IN_FRAMEWORK_HEADER = YES;
				CLANG_WARN_RANGE_LOOP_ANALYSIS = YES;
				CLANG_WARN_STRICT_PROTOTYPES = YES;
				CLANG_WARN_SUSPICIOUS_MOVE = YES;
				CLANG_WARN_UNGUARDED_AVAILABILITY = YES_AGGRESSIVE;
				CLANG_WARN_UNREACHABLE_CODE = YES;
				CLANG_WARN__DUPLICATE_METHOD_MATCH = YES;
				COPY_PHASE_STRIP = NO;
				DEBUG_INFORMATION_FORMAT = dwarf;
				ENABLE_STRICT_OBJC_MSGSEND = YES;
				ENABLE_TESTABILITY = YES;
				ENABLE_USER_SCRIPT_SANDBOXING = YES;
				GCC_C_LANGUAGE_STANDARD = gnu17;
				GCC_DYNAMIC_NO_PIC = NO;
				GCC_NO_COMMON_BLOCKS = YES;
				GCC_OPTIMIZATION_LEVEL = 0;
				GCC_PREPROCESSOR_DEFINITIONS = (
					"DEBUG=1",
					"$(inherited)",
				);
				GCC_WARN_64_TO_32_BIT_CONVERSION = YES;
				GCC_WARN_ABOUT_RETURN_TYPE = YES_ERROR;
				GCC_WARN_UNDECLARED_SELECTOR = YES;
				GCC_WARN_UNINITIALIZED_AUTOS = YES_AGGRESSIVE;
				GCC_WARN_UNUSED_FUNCTION = YES;
				GCC_WARN_UNUSED_VARIABLE = YES;
				LOCALIZATION_PREFERS_STRING_CATALOGS = YES;
				MTL_ENABLE_DEBUG_INFO = INCLUDE_SOURCE;
				MTL_FAST_MATH = YES;
				ONLY_ACTIVE_ARCH = YES;
				SWIFT_ACTIVE_COMPILATION_CONDITIONS = "DEBUG $(inherited)";
				SWIFT_OPTIMIZATION_LEVEL = "-Onone";
			};
			name = Debug;
		};
		03EC73C82B14B2CB001E94EB /* Release */ = {
			isa = XCBuildConfiguration;
			buildSettings = {
				ALWAYS_SEARCH_USER_PATHS = NO;
				ASSETCATALOG_COMPILER_GENERATE_SWIFT_ASSET_SYMBOL_EXTENSIONS = YES;
				CLANG_ANALYZER_NONNULL = YES;
				CLANG_ANALYZER_NUMBER_OBJECT_CONVERSION = YES_AGGRESSIVE;
				CLANG_CXX_LANGUAGE_STANDARD = "gnu++20";
				CLANG_ENABLE_MODULES = YES;
				CLANG_ENABLE_OBJC_ARC = YES;
				CLANG_ENABLE_OBJC_WEAK = YES;
				CLANG_WARN_BLOCK_CAPTURE_AUTORELEASING = YES;
				CLANG_WARN_BOOL_CONVERSION = YES;
				CLANG_WARN_COMMA = YES;
				CLANG_WARN_CONSTANT_CONVERSION = YES;
				CLANG_WARN_DEPRECATED_OBJC_IMPLEMENTATIONS = YES;
				CLANG_WARN_DIRECT_OBJC_ISA_USAGE = YES_ERROR;
				CLANG_WARN_DOCUMENTATION_COMMENTS = YES;
				CLANG_WARN_EMPTY_BODY = YES;
				CLANG_WARN_ENUM_CONVERSION = YES;
				CLANG_WARN_INFINITE_RECURSION = YES;
				CLANG_WARN_INT_CONVERSION = YES;
				CLANG_WARN_NON_LITERAL_NULL_CONVERSION = YES;
				CLANG_WARN_OBJC_IMPLICIT_RETAIN_SELF = YES;
				CLANG_WARN_OBJC_LITERAL_CONVERSION = YES;
				CLANG_WARN_OBJC_ROOT_CLASS = YES_ERROR;
				CLANG_WARN_QUOTED_INCLUDE_IN_FRAMEWORK_HEADER = YES;
				CLANG_WARN_RANGE_LOOP_ANALYSIS = YES;
				CLANG_WARN_STRICT_PROTOTYPES = YES;
				CLANG_WARN_SUSPICIOUS_MOVE = YES;
				CLANG_WARN_UNGUARDED_AVAILABILITY = YES_AGGRESSIVE;
				CLANG_WARN_UNREACHABLE_CODE = YES;
				CLANG_WARN__DUPLICATE_METHOD_MATCH = YES;
				COPY_PHASE_STRIP = NO;
				DEBUG_INFORMATION_FORMAT = "dwarf-with-dsym";
				ENABLE_NS_ASSERTIONS = NO;
				ENABLE_STRICT_OBJC_MSGSEND = YES;
				ENABLE_USER_SCRIPT_SANDBOXING = YES;
				GCC_C_LANGUAGE_STANDARD = gnu17;
				GCC_NO_COMMON_BLOCKS = YES;
				GCC_WARN_64_TO_32_BIT_CONVERSION = YES;
				GCC_WARN_ABOUT_RETURN_TYPE = YES_ERROR;
				GCC_WARN_UNDECLARED_SELECTOR = YES;
				GCC_WARN_UNINITIALIZED_AUTOS = YES_AGGRESSIVE;
				GCC_WARN_UNUSED_FUNCTION = YES;
				GCC_WARN_UNUSED_VARIABLE = YES;
				LOCALIZATION_PREFERS_STRING_CATALOGS = YES;
				MTL_ENABLE_DEBUG_INFO = NO;
				MTL_FAST_MATH = YES;
				SWIFT_COMPILATION_MODE = wholemodule;
			};
			name = Release;
		};
		03EC73CA2B14B2CB001E94EB /* Debug */ = {
			isa = XCBuildConfiguration;
			buildSettings = {
				ASSETCATALOG_COMPILER_APPICON_NAME = AppIcon;
				ASSETCATALOG_COMPILER_GLOBAL_ACCENT_COLOR_NAME = AccentColor;
				CODE_SIGN_ENTITLEMENTS = "Nogi Logger/Nogi_Logger.entitlements";
				CODE_SIGN_STYLE = Automatic;
				CURRENT_PROJECT_VERSION = 1;
				DEVELOPMENT_ASSET_PATHS = "\"Nogi Logger/Preview Content\"";
				ENABLE_PREVIEWS = YES;
				GENERATE_INFOPLIST_FILE = YES;
				"INFOPLIST_KEY_UIApplicationSceneManifest_Generation[sdk=iphoneos*]" = YES;
				"INFOPLIST_KEY_UIApplicationSceneManifest_Generation[sdk=iphonesimulator*]" = YES;
				"INFOPLIST_KEY_UIApplicationSupportsIndirectInputEvents[sdk=iphoneos*]" = YES;
				"INFOPLIST_KEY_UIApplicationSupportsIndirectInputEvents[sdk=iphonesimulator*]" = YES;
				"INFOPLIST_KEY_UILaunchScreen_Generation[sdk=iphoneos*]" = YES;
				"INFOPLIST_KEY_UILaunchScreen_Generation[sdk=iphonesimulator*]" = YES;
				"INFOPLIST_KEY_UIStatusBarStyle[sdk=iphoneos*]" = UIStatusBarStyleDefault;
				"INFOPLIST_KEY_UIStatusBarStyle[sdk=iphonesimulator*]" = UIStatusBarStyleDefault;
				INFOPLIST_KEY_UISupportedInterfaceOrientations_iPad = "UIInterfaceOrientationPortrait UIInterfaceOrientationPortraitUpsideDown UIInterfaceOrientationLandscapeLeft UIInterfaceOrientationLandscapeRight";
				INFOPLIST_KEY_UISupportedInterfaceOrientations_iPhone = "UIInterfaceOrientationPortrait UIInterfaceOrientationLandscapeLeft UIInterfaceOrientationLandscapeRight";
				IPHONEOS_DEPLOYMENT_TARGET = 17.0;
				LD_RUNPATH_SEARCH_PATHS = "@executable_path/Frameworks";
				"LD_RUNPATH_SEARCH_PATHS[sdk=macosx*]" = "@executable_path/../Frameworks";
				MACOSX_DEPLOYMENT_TARGET = 14.0;
				MARKETING_VERSION = 1.0;
				PRODUCT_BUNDLE_IDENTIFIER = "com.hosseinsharifi.Nogi-Logger";
				PRODUCT_NAME = "$(TARGET_NAME)";
				SDKROOT = auto;
				SUPPORTED_PLATFORMS = "iphoneos iphonesimulator macosx";
				SWIFT_EMIT_LOC_STRINGS = YES;
				SWIFT_VERSION = 5.0;
				TARGETED_DEVICE_FAMILY = "1,2";
			};
			name = Debug;
		};
		03EC73CB2B14B2CB001E94EB /* Release */ = {
			isa = XCBuildConfiguration;
			buildSettings = {
				ASSETCATALOG_COMPILER_APPICON_NAME = AppIcon;
				ASSETCATALOG_COMPILER_GLOBAL_ACCENT_COLOR_NAME = AccentColor;
				CODE_SIGN_ENTITLEMENTS = "Nogi Logger/Nogi_Logger.entitlements";
				CODE_SIGN_STYLE = Automatic;
				CURRENT_PROJECT_VERSION = 1;
				DEVELOPMENT_ASSET_PATHS = "\"Nogi Logger/Preview Content\"";
				ENABLE_PREVIEWS = YES;
				GENERATE_INFOPLIST_FILE = YES;
				"INFOPLIST_KEY_UIApplicationSceneManifest_Generation[sdk=iphoneos*]" = YES;
				"INFOPLIST_KEY_UIApplicationSceneManifest_Generation[sdk=iphonesimulator*]" = YES;
				"INFOPLIST_KEY_UIApplicationSupportsIndirectInputEvents[sdk=iphoneos*]" = YES;
				"INFOPLIST_KEY_UIApplicationSupportsIndirectInputEvents[sdk=iphonesimulator*]" = YES;
				"INFOPLIST_KEY_UILaunchScreen_Generation[sdk=iphoneos*]" = YES;
				"INFOPLIST_KEY_UILaunchScreen_Generation[sdk=iphonesimulator*]" = YES;
				"INFOPLIST_KEY_UIStatusBarStyle[sdk=iphoneos*]" = UIStatusBarStyleDefault;
				"INFOPLIST_KEY_UIStatusBarStyle[sdk=iphonesimulator*]" = UIStatusBarStyleDefault;
				INFOPLIST_KEY_UISupportedInterfaceOrientations_iPad = "UIInterfaceOrientationPortrait UIInterfaceOrientationPortraitUpsideDown UIInterfaceOrientationLandscapeLeft UIInterfaceOrientationLandscapeRight";
				INFOPLIST_KEY_UISupportedInterfaceOrientations_iPhone = "UIInterfaceOrientationPortrait UIInterfaceOrientationLandscapeLeft UIInterfaceOrientationLandscapeRight";
				IPHONEOS_DEPLOYMENT_TARGET = 17.0;
				LD_RUNPATH_SEARCH_PATHS = "@executable_path/Frameworks";
				"LD_RUNPATH_SEARCH_PATHS[sdk=macosx*]" = "@executable_path/../Frameworks";
				MACOSX_DEPLOYMENT_TARGET = 14.0;
				MARKETING_VERSION = 1.0;
				PRODUCT_BUNDLE_IDENTIFIER = "com.hosseinsharifi.Nogi-Logger";
				PRODUCT_NAME = "$(TARGET_NAME)";
				SDKROOT = auto;
				SUPPORTED_PLATFORMS = "iphoneos iphonesimulator macosx";
				SWIFT_EMIT_LOC_STRINGS = YES;
				SWIFT_VERSION = 5.0;
				TARGETED_DEVICE_FAMILY = "1,2";
			};
			name = Release;
		};
/* End XCBuildConfiguration section */

/* Begin XCConfigurationList section */
		03EC73B52B14B2CA001E94EB /* Build configuration list for PBXProject "Nogi Logger" */ = {
			isa = XCConfigurationList;
			buildConfigurations = (
				03EC73C72B14B2CB001E94EB /* Debug */,
				03EC73C82B14B2CB001E94EB /* Release */,
			);
			defaultConfigurationIsVisible = 0;
			defaultConfigurationName = Release;
		};
		03EC73C92B14B2CB001E94EB /* Build configuration list for PBXNativeTarget "Nogi Logger" */ = {
			isa = XCConfigurationList;
			buildConfigurations = (
				03EC73CA2B14B2CB001E94EB /* Debug */,
				03EC73CB2B14B2CB001E94EB /* Release */,
			);
			defaultConfigurationIsVisible = 0;
			defaultConfigurationName = Release;
		};
/* End XCConfigurationList section */
	};
	rootObject = 03EC73B22B14B2CA001E94EB /* Project object */;
}
